// !$*UTF8*$!
{
	archiveVersion = 1;
	classes = {
	};
	objectVersion = 56;
	objects = {

/* Begin PBXBuildFile section */
		A0679BC22A211D12003D0551 /* AppDelegate.swift in Sources */ = {isa = PBXBuildFile; fileRef = A0679BC12A211D12003D0551 /* AppDelegate.swift */; };
		A0679BC42A211D12003D0551 /* SceneDelegate.swift in Sources */ = {isa = PBXBuildFile; fileRef = A0679BC32A211D12003D0551 /* SceneDelegate.swift */; };
		A0679BC62A211D12003D0551 /* ViewController.swift in Sources */ = {isa = PBXBuildFile; fileRef = A0679BC52A211D12003D0551 /* ViewController.swift */; };
		A0679BCB2A211D13003D0551 /* Assets.xcassets in Resources */ = {isa = PBXBuildFile; fileRef = A0679BCA2A211D13003D0551 /* Assets.xcassets */; };
		A0679BCE2A211D13003D0551 /* LaunchScreen.storyboard in Resources */ = {isa = PBXBuildFile; fileRef = A0679BCC2A211D13003D0551 /* LaunchScreen.storyboard */; };
		A0679BD72A211D46003D0551 /* Swinject in Frameworks */ = {isa = PBXBuildFile; productRef = A0679BD62A211D46003D0551 /* Swinject */; };
		A0679BDA2A211D8A003D0551 /* Then in Frameworks */ = {isa = PBXBuildFile; productRef = A0679BD92A211D8A003D0551 /* Then */; };
		A0679BDD2A211D9D003D0551 /* SnapKit in Frameworks */ = {isa = PBXBuildFile; productRef = A0679BDC2A211D9D003D0551 /* SnapKit */; };
		A0679BDF2A211E7C003D0551 /* SecondViewController.swift in Sources */ = {isa = PBXBuildFile; fileRef = A0679BDE2A211E7C003D0551 /* SecondViewController.swift */; };
		A0679BE12A211E99003D0551 /* ColorProvider.swift in Sources */ = {isa = PBXBuildFile; fileRef = A0679BE02A211E99003D0551 /* ColorProvider.swift */; };
		A0679BE32A212E76003D0551 /* AppContainer.swift in Sources */ = {isa = PBXBuildFile; fileRef = A0679BE22A212E76003D0551 /* AppContainer.swift */; };
/* End PBXBuildFile section */

/* Begin PBXFileReference section */
		A0679BBE2A211D12003D0551 /* SwinjectExample.app */ = {isa = PBXFileReference; explicitFileType = wrapper.application; includeInIndex = 0; path = SwinjectExample.app; sourceTree = BUILT_PRODUCTS_DIR; };
		A0679BC12A211D12003D0551 /* AppDelegate.swift */ = {isa = PBXFileReference; lastKnownFileType = sourcecode.swift; path = AppDelegate.swift; sourceTree = "<group>"; };
		A0679BC32A211D12003D0551 /* SceneDelegate.swift */ = {isa = PBXFileReference; lastKnownFileType = sourcecode.swift; path = SceneDelegate.swift; sourceTree = "<group>"; };
		A0679BC52A211D12003D0551 /* ViewController.swift */ = {isa = PBXFileReference; lastKnownFileType = sourcecode.swift; path = ViewController.swift; sourceTree = "<group>"; };
		A0679BCA2A211D13003D0551 /* Assets.xcassets */ = {isa = PBXFileReference; lastKnownFileType = folder.assetcatalog; path = Assets.xcassets; sourceTree = "<group>"; };
		A0679BCD2A211D13003D0551 /* Base */ = {isa = PBXFileReference; lastKnownFileType = file.storyboard; name = Base; path = Base.lproj/LaunchScreen.storyboard; sourceTree = "<group>"; };
		A0679BCF2A211D13003D0551 /* Info.plist */ = {isa = PBXFileReference; lastKnownFileType = text.plist.xml; path = Info.plist; sourceTree = "<group>"; };
		A0679BDE2A211E7C003D0551 /* SecondViewController.swift */ = {isa = PBXFileReference; lastKnownFileType = sourcecode.swift; path = SecondViewController.swift; sourceTree = "<group>"; };
		A0679BE02A211E99003D0551 /* ColorProvider.swift */ = {isa = PBXFileReference; lastKnownFileType = sourcecode.swift; path = ColorProvider.swift; sourceTree = "<group>"; };
		A0679BE22A212E76003D0551 /* AppContainer.swift */ = {isa = PBXFileReference; lastKnownFileType = sourcecode.swift; path = AppContainer.swift; sourceTree = "<group>"; };
/* End PBXFileReference section */

/* Begin PBXFrameworksBuildPhase section */
		A0679BBB2A211D12003D0551 /* Frameworks */ = {
			isa = PBXFrameworksBuildPhase;
			buildActionMask = 2147483647;
			files = (
				A0679BDD2A211D9D003D0551 /* SnapKit in Frameworks */,
				A0679BD72A211D46003D0551 /* Swinject in Frameworks */,
				A0679BDA2A211D8A003D0551 /* Then in Frameworks */,
			);
			runOnlyForDeploymentPostprocessing = 0;
		};
/* End PBXFrameworksBuildPhase section */

/* Begin PBXGroup section */
		A0679BB52A211D12003D0551 = {
			isa = PBXGroup;
			children = (
				A0679BC02A211D12003D0551 /* SwinjectExample */,
				A0679BBF2A211D12003D0551 /* Products */,
			);
			sourceTree = "<group>";
		};
		A0679BBF2A211D12003D0551 /* Products */ = {
			isa = PBXGroup;
			children = (
				A0679BBE2A211D12003D0551 /* SwinjectExample.app */,
			);
			name = Products;
			sourceTree = "<group>";
		};
		A0679BC02A211D12003D0551 /* SwinjectExample */ = {
			isa = PBXGroup;
			children = (
				A0679BC12A211D12003D0551 /* AppDelegate.swift */,
				A0679BC32A211D12003D0551 /* SceneDelegate.swift */,
				A0679BC52A211D12003D0551 /* ViewController.swift */,
				A0679BDE2A211E7C003D0551 /* SecondViewController.swift */,
				A0679BE22A212E76003D0551 /* AppContainer.swift */,
				A0679BE02A211E99003D0551 /* ColorProvider.swift */,
				A0679BCA2A211D13003D0551 /* Assets.xcassets */,
				A0679BCC2A211D13003D0551 /* LaunchScreen.storyboard */,
				A0679BCF2A211D13003D0551 /* Info.plist */,
			);
			path = SwinjectExample;
			sourceTree = "<group>";
		};
/* End PBXGroup section */

/* Begin PBXNativeTarget section */
		A0679BBD2A211D12003D0551 /* SwinjectExample */ = {
			isa = PBXNativeTarget;
			buildConfigurationList = A0679BD22A211D13003D0551 /* Build configuration list for PBXNativeTarget "SwinjectExample" */;
			buildPhases = (
				A0679BBA2A211D12003D0551 /* Sources */,
				A0679BBB2A211D12003D0551 /* Frameworks */,
				A0679BBC2A211D12003D0551 /* Resources */,
			);
			buildRules = (
			);
			dependencies = (
			);
			name = SwinjectExample;
			packageProductDependencies = (
				A0679BD62A211D46003D0551 /* Swinject */,
				A0679BD92A211D8A003D0551 /* Then */,
				A0679BDC2A211D9D003D0551 /* SnapKit */,
			);
			productName = SwinjectExample;
			productReference = A0679BBE2A211D12003D0551 /* SwinjectExample.app */;
			productType = "com.apple.product-type.application";
		};
/* End PBXNativeTarget section */

/* Begin PBXProject section */
		A0679BB62A211D12003D0551 /* Project object */ = {
			isa = PBXProject;
			attributes = {
				BuildIndependentTargetsInParallel = 1;
				LastSwiftUpdateCheck = 1430;
				LastUpgradeCheck = 1430;
				TargetAttributes = {
					A0679BBD2A211D12003D0551 = {
						CreatedOnToolsVersion = 14.3;
					};
				};
			};
			buildConfigurationList = A0679BB92A211D12003D0551 /* Build configuration list for PBXProject "SwinjectExample" */;
			compatibilityVersion = "Xcode 14.0";
			developmentRegion = en;
			hasScannedForEncodings = 0;
			knownRegions = (
				en,
				Base,
			);
			mainGroup = A0679BB52A211D12003D0551;
			packageReferences = (
				A0679BD52A211D46003D0551 /* XCRemoteSwiftPackageReference "Swinject" */,
				A0679BD82A211D89003D0551 /* XCRemoteSwiftPackageReference "Then" */,
				A0679BDB2A211D9D003D0551 /* XCRemoteSwiftPackageReference "SnapKit" */,
			);
			productRefGroup = A0679BBF2A211D12003D0551 /* Products */;
			projectDirPath = "";
			projectRoot = "";
			targets = (
				A0679BBD2A211D12003D0551 /* SwinjectExample */,
			);
		};
/* End PBXProject section */

/* Begin PBXResourcesBuildPhase section */
		A0679BBC2A211D12003D0551 /* Resources */ = {
			isa = PBXResourcesBuildPhase;
			buildActionMask = 2147483647;
			files = (
				A0679BCE2A211D13003D0551 /* LaunchScreen.storyboard in Resources */,
				A0679BCB2A211D13003D0551 /* Assets.xcassets in Resources */,
			);
			runOnlyForDeploymentPostprocessing = 0;
		};
/* End PBXResourcesBuildPhase section */

/* Begin PBXSourcesBuildPhase section */
		A0679BBA2A211D12003D0551 /* Sources */ = {
			isa = PBXSourcesBuildPhase;
			buildActionMask = 2147483647;
			files = (
				A0679BDF2A211E7C003D0551 /* SecondViewController.swift in Sources */,
				A0679BE32A212E76003D0551 /* AppContainer.swift in Sources */,
				A0679BC62A211D12003D0551 /* ViewController.swift in Sources */,
				A0679BC22A211D12003D0551 /* AppDelegate.swift in Sources */,
				A0679BE12A211E99003D0551 /* ColorProvider.swift in Sources */,
				A0679BC42A211D12003D0551 /* SceneDelegate.swift in Sources */,
			);
			runOnlyForDeploymentPostprocessing = 0;
		};
/* End PBXSourcesBuildPhase section */

/* Begin PBXVariantGroup section */
		A0679BCC2A211D13003D0551 /* LaunchScreen.storyboard */ = {
			isa = PBXVariantGroup;
			children = (
				A0679BCD2A211D13003D0551 /* Base */,
			);
			name = LaunchScreen.storyboard;
			sourceTree = "<group>";
		};
/* End PBXVariantGroup section */

/* Begin XCBuildConfiguration section */
		A0679BD02A211D13003D0551 /* Debug */ = {
			isa = XCBuildConfiguration;
			buildSettings = {
				ALWAYS_SEARCH_USER_PATHS = NO;
				CLANG_ANALYZER_NONNULL = YES;
				CLANG_ANALYZER_NUMBER_OBJECT_CONVERSION = YES_AGGRESSIVE;
				CLANG_CXX_LANGUAGE_STANDARD = "gnu++20";
				CLANG_ENABLE_MODULES = YES;
				CLANG_ENABLE_OBJC_ARC = YES;
				CLANG_ENABLE_OBJC_WEAK = YES;
				CLANG_WARN_BLOCK_CAPTURE_AUTORELEASING = YES;
				CLANG_WARN_BOOL_CONVERSION = YES;
				CLANG_WARN_COMMA = YES;
				CLANG_WARN_CONSTANT_CONVERSION = YES;
				CLANG_WARN_DEPRECATED_OBJC_IMPLEMENTATIONS = YES;
				CLANG_WARN_DIRECT_OBJC_ISA_USAGE = YES_ERROR;
				CLANG_WARN_DOCUMENTATION_COMMENTS = YES;
				CLANG_WARN_EMPTY_BODY = YES;
				CLANG_WARN_ENUM_CONVERSION = YES;
				CLANG_WARN_INFINITE_RECURSION = YES;
				CLANG_WARN_INT_CONVERSION = YES;
				CLANG_WARN_NON_LITERAL_NULL_CONVERSION = YES;
				CLANG_WARN_OBJC_IMPLICIT_RETAIN_SELF = YES;
				CLANG_WARN_OBJC_LITERAL_CONVERSION = YES;
				CLANG_WARN_OBJC_ROOT_CLASS = YES_ERROR;
				CLANG_WARN_QUOTED_INCLUDE_IN_FRAMEWORK_HEADER = YES;
				CLANG_WARN_RANGE_LOOP_ANALYSIS = YES;
				CLANG_WARN_STRICT_PROTOTYPES = YES;
				CLANG_WARN_SUSPICIOUS_MOVE = YES;
				CLANG_WARN_UNGUARDED_AVAILABILITY = YES_AGGRESSIVE;
				CLANG_WARN_UNREACHABLE_CODE = YES;
				CLANG_WARN__DUPLICATE_METHOD_MATCH = YES;
				COPY_PHASE_STRIP = NO;
				DEBUG_INFORMATION_FORMAT = dwarf;
				ENABLE_STRICT_OBJC_MSGSEND = YES;
				ENABLE_TESTABILITY = YES;
				GCC_C_LANGUAGE_STANDARD = gnu11;
				GCC_DYNAMIC_NO_PIC = NO;
				GCC_NO_COMMON_BLOCKS = YES;
				GCC_OPTIMIZATION_LEVEL = 0;
				GCC_PREPROCESSOR_DEFINITIONS = (
					"DEBUG=1",
					"$(inherited)",
				);
				GCC_WARN_64_TO_32_BIT_CONVERSION = YES;
				GCC_WARN_ABOUT_RETURN_TYPE = YES_ERROR;
				GCC_WARN_UNDECLARED_SELECTOR = YES;
				GCC_WARN_UNINITIALIZED_AUTOS = YES_AGGRESSIVE;
				GCC_WARN_UNUSED_FUNCTION = YES;
				GCC_WARN_UNUSED_VARIABLE = YES;
				IPHONEOS_DEPLOYMENT_TARGET = 16.4;
				MTL_ENABLE_DEBUG_INFO = INCLUDE_SOURCE;
				MTL_FAST_MATH = YES;
				ONLY_ACTIVE_ARCH = YES;
				SDKROOT = iphoneos;
				SWIFT_ACTIVE_COMPILATION_CONDITIONS = DEBUG;
				SWIFT_OPTIMIZATION_LEVEL = "-Onone";
			};
			name = Debug;
		};
		A0679BD12A211D13003D0551 /* Release */ = {
			isa = XCBuildConfiguration;
			buildSettings = {
				ALWAYS_SEARCH_USER_PATHS = NO;
				CLANG_ANALYZER_NONNULL = YES;
				CLANG_ANALYZER_NUMBER_OBJECT_CONVERSION = YES_AGGRESSIVE;
				CLANG_CXX_LANGUAGE_STANDARD = "gnu++20";
				CLANG_ENABLE_MODULES = YES;
				CLANG_ENABLE_OBJC_ARC = YES;
				CLANG_ENABLE_OBJC_WEAK = YES;
				CLANG_WARN_BLOCK_CAPTURE_AUTORELEASING = YES;
				CLANG_WARN_BOOL_CONVERSION = YES;
				CLANG_WARN_COMMA = YES;
				CLANG_WARN_CONSTANT_CONVERSION = YES;
				CLANG_WARN_DEPRECATED_OBJC_IMPLEMENTATIONS = YES;
				CLANG_WARN_DIRECT_OBJC_ISA_USAGE = YES_ERROR;
				CLANG_WARN_DOCUMENTATION_COMMENTS = YES;
				CLANG_WARN_EMPTY_BODY = YES;
				CLANG_WARN_ENUM_CONVERSION = YES;
				CLANG_WARN_INFINITE_RECURSION = YES;
				CLANG_WARN_INT_CONVERSION = YES;
				CLANG_WARN_NON_LITERAL_NULL_CONVERSION = YES;
				CLANG_WARN_OBJC_IMPLICIT_RETAIN_SELF = YES;
				CLANG_WARN_OBJC_LITERAL_CONVERSION = YES;
				CLANG_WARN_OBJC_ROOT_CLASS = YES_ERROR;
				CLANG_WARN_QUOTED_INCLUDE_IN_FRAMEWORK_HEADER = YES;
				CLANG_WARN_RANGE_LOOP_ANALYSIS = YES;
				CLANG_WARN_STRICT_PROTOTYPES = YES;
				CLANG_WARN_SUSPICIOUS_MOVE = YES;
				CLANG_WARN_UNGUARDED_AVAILABILITY = YES_AGGRESSIVE;
				CLANG_WARN_UNREACHABLE_CODE = YES;
				CLANG_WARN__DUPLICATE_METHOD_MATCH = YES;
				COPY_PHASE_STRIP = NO;
				DEBUG_INFORMATION_FORMAT = "dwarf-with-dsym";
				ENABLE_NS_ASSERTIONS = NO;
				ENABLE_STRICT_OBJC_MSGSEND = YES;
				GCC_C_LANGUAGE_STANDARD = gnu11;
				GCC_NO_COMMON_BLOCKS = YES;
				GCC_WARN_64_TO_32_BIT_CONVERSION = YES;
				GCC_WARN_ABOUT_RETURN_TYPE = YES_ERROR;
				GCC_WARN_UNDECLARED_SELECTOR = YES;
				GCC_WARN_UNINITIALIZED_AUTOS = YES_AGGRESSIVE;
				GCC_WARN_UNUSED_FUNCTION = YES;
				GCC_WARN_UNUSED_VARIABLE = YES;
				IPHONEOS_DEPLOYMENT_TARGET = 16.4;
				MTL_ENABLE_DEBUG_INFO = NO;
				MTL_FAST_MATH = YES;
				SDKROOT = iphoneos;
				SWIFT_COMPILATION_MODE = wholemodule;
				SWIFT_OPTIMIZATION_LEVEL = "-O";
				VALIDATE_PRODUCT = YES;
			};
			name = Release;
		};
		A0679BD32A211D13003D0551 /* Debug */ = {
			isa = XCBuildConfiguration;
			buildSettings = {
				ASSETCATALOG_COMPILER_APPICON_NAME = AppIcon;
				ASSETCATALOG_COMPILER_GLOBAL_ACCENT_COLOR_NAME = AccentColor;
				CODE_SIGN_STYLE = Automatic;
				CURRENT_PROJECT_VERSION = 1;
				DEVELOPMENT_TEAM = F978FGBWMJ;
				GENERATE_INFOPLIST_FILE = YES;
				INFOPLIST_FILE = SwinjectExample/Info.plist;
				INFOPLIST_KEY_UIApplicationSupportsIndirectInputEvents = YES;
				INFOPLIST_KEY_UILaunchStoryboardName = LaunchScreen;
				INFOPLIST_KEY_UIMainStoryboardFile = "";
				INFOPLIST_KEY_UISupportedInterfaceOrientations_iPad = "UIInterfaceOrientationPortrait UIInterfaceOrientationPortraitUpsideDown UIInterfaceOrientationLandscapeLeft UIInterfaceOrientationLandscapeRight";
				INFOPLIST_KEY_UISupportedInterfaceOrientations_iPhone = "UIInterfaceOrientationPortrait UIInterfaceOrientationLandscapeLeft UIInterfaceOrientationLandscapeRight";
				LD_RUNPATH_SEARCH_PATHS = (
					"$(inherited)",
					"@executable_path/Frameworks",
				);
				MARKETING_VERSION = 1.0;
				PRODUCT_BUNDLE_IDENTIFIER = com.SergeyPavlov.SwinjectExample;
				PRODUCT_NAME = "$(TARGET_NAME)";
				SWIFT_EMIT_LOC_STRINGS = YES;
				SWIFT_VERSION = 5.0;
				TARGETED_DEVICE_FAMILY = "1,2";
			};
			name = Debug;
		};
		A0679BD42A211D13003D0551 /* Release */ = {
			isa = XCBuildConfiguration;
			buildSettings = {
				ASSETCATALOG_COMPILER_APPICON_NAME = AppIcon;
				ASSETCATALOG_COMPILER_GLOBAL_ACCENT_COLOR_NAME = AccentColor;
				CODE_SIGN_STYLE = Automatic;
				CURRENT_PROJECT_VERSION = 1;
				DEVELOPMENT_TEAM = F978FGBWMJ;
				GENERATE_INFOPLIST_FILE = YES;
				INFOPLIST_FILE = SwinjectExample/Info.plist;
				INFOPLIST_KEY_UIApplicationSupportsIndirectInputEvents = YES;
				INFOPLIST_KEY_UILaunchStoryboardName = LaunchScreen;
				INFOPLIST_KEY_UIMainStoryboardFile = "";
				INFOPLIST_KEY_UISupportedInterfaceOrientations_iPad = "UIInterfaceOrientationPortrait UIInterfaceOrientationPortraitUpsideDown UIInterfaceOrientationLandscapeLeft UIInterfaceOrientationLandscapeRight";
				INFOPLIST_KEY_UISupportedInterfaceOrientations_iPhone = "UIInterfaceOrientationPortrait UIInterfaceOrientationLandscapeLeft UIInterfaceOrientationLandscapeRight";
				LD_RUNPATH_SEARCH_PATHS = (
					"$(inherited)",
					"@executable_path/Frameworks",
				);
				MARKETING_VERSION = 1.0;
				PRODUCT_BUNDLE_IDENTIFIER = com.SergeyPavlov.SwinjectExample;
				PRODUCT_NAME = "$(TARGET_NAME)";
				SWIFT_EMIT_LOC_STRINGS = YES;
				SWIFT_VERSION = 5.0;
				TARGETED_DEVICE_FAMILY = "1,2";
			};
			name = Release;
		};
/* End XCBuildConfiguration section */

/* Begin XCConfigurationList section */
		A0679BB92A211D12003D0551 /* Build configuration list for PBXProject "SwinjectExample" */ = {
			isa = XCConfigurationList;
			buildConfigurations = (
				A0679BD02A211D13003D0551 /* Debug */,
				A0679BD12A211D13003D0551 /* Release */,
			);
			defaultConfigurationIsVisible = 0;
			defaultConfigurationName = Release;
		};
		A0679BD22A211D13003D0551 /* Build configuration list for PBXNativeTarget "SwinjectExample" */ = {
			isa = XCConfigurationList;
			buildConfigurations = (
				A0679BD32A211D13003D0551 /* Debug */,
				A0679BD42A211D13003D0551 /* Release */,
			);
			defaultConfigurationIsVisible = 0;
			defaultConfigurationName = Release;
		};
/* End XCConfigurationList section */

/* Begin XCRemoteSwiftPackageReference section */
		A0679BD52A211D46003D0551 /* XCRemoteSwiftPackageReference "Swinject" */ = {
			isa = XCRemoteSwiftPackageReference;
			repositoryURL = "https://github.com/Swinject/Swinject.git";
			requirement = {
				kind = upToNextMajorVersion;
				minimumVersion = 2.0.0;
			};
		};
		A0679BD82A211D89003D0551 /* XCRemoteSwiftPackageReference "Then" */ = {
			isa = XCRemoteSwiftPackageReference;
			repositoryURL = "https://github.com/devxoul/Then";
			requirement = {
				kind = upToNextMajorVersion;
				minimumVersion = 3.0.0;
			};
		};
		A0679BDB2A211D9D003D0551 /* XCRemoteSwiftPackageReference "SnapKit" */ = {
			isa = XCRemoteSwiftPackageReference;
			repositoryURL = "https://github.com/SnapKit/SnapKit.git";
			requirement = {
				kind = upToNextMajorVersion;
				minimumVersion = 5.0.0;
			};
		};
/* End XCRemoteSwiftPackageReference section */

/* Begin XCSwiftPackageProductDependency section */
		A0679BD62A211D46003D0551 /* Swinject */ = {
			isa = XCSwiftPackageProductDependency;
			package = A0679BD52A211D46003D0551 /* XCRemoteSwiftPackageReference "Swinject" */;
			productName = Swinject;
		};
		A0679BD92A211D8A003D0551 /* Then */ = {
			isa = XCSwiftPackageProductDependency;
			package = A0679BD82A211D89003D0551 /* XCRemoteSwiftPackageReference "Then" */;
			productName = Then;
		};
		A0679BDC2A211D9D003D0551 /* SnapKit */ = {
			isa = XCSwiftPackageProductDependency;
			package = A0679BDB2A211D9D003D0551 /* XCRemoteSwiftPackageReference "SnapKit" */;
			productName = SnapKit;
		};
/* End XCSwiftPackageProductDependency section */
	};
	rootObject = A0679BB62A211D12003D0551 /* Project object */;
}
